// !$*UTF8*$!
{
	archiveVersion = 1;
	classes = {
	};
	objectVersion = 77;
	objects = {

/* Begin PBXBuildFile section */
		83B279BB2CAA8CF30029CC6B /* FirebaseAuth in Frameworks */ = {isa = PBXBuildFile; productRef = 83B279BA2CAA8CF30029CC6B /* FirebaseAuth */; };
		83B279BD2CAA8CF30029CC6B /* FirebaseAuthCombine-Community in Frameworks */ = {isa = PBXBuildFile; productRef = 83B279BC2CAA8CF30029CC6B /* FirebaseAuthCombine-Community */; };
		83B279BF2CAA8CF30029CC6B /* FirebaseFirestore in Frameworks */ = {isa = PBXBuildFile; productRef = 83B279BE2CAA8CF30029CC6B /* FirebaseFirestore */; };
		83B279C12CAA8CF30029CC6B /* FirebaseFirestoreCombine-Community in Frameworks */ = {isa = PBXBuildFile; productRef = 83B279C02CAA8CF30029CC6B /* FirebaseFirestoreCombine-Community */; };
		83B279C32CAA8CF30029CC6B /* FirebaseStorage in Frameworks */ = {isa = PBXBuildFile; productRef = 83B279C22CAA8CF30029CC6B /* FirebaseStorage */; };
		83B279C52CAA8CF30029CC6B /* FirebaseStorageCombine-Community in Frameworks */ = {isa = PBXBuildFile; productRef = 83B279C42CAA8CF30029CC6B /* FirebaseStorageCombine-Community */; };
/* End PBXBuildFile section */

/* Begin PBXContainerItemProxy section */
		83B2799B2CAA873E0029CC6B /* PBXContainerItemProxy */ = {
			isa = PBXContainerItemProxy;
			containerPortal = 83B279822CAA873C0029CC6B /* Project object */;
			proxyType = 1;
			remoteGlobalIDString = 83B279892CAA873C0029CC6B;
			remoteInfo = FirebaseIntro;
		};
		83B279A52CAA873E0029CC6B /* PBXContainerItemProxy */ = {
			isa = PBXContainerItemProxy;
			containerPortal = 83B279822CAA873C0029CC6B /* Project object */;
			proxyType = 1;
			remoteGlobalIDString = 83B279892CAA873C0029CC6B;
			remoteInfo = FirebaseIntro;
		};
/* End PBXContainerItemProxy section */

/* Begin PBXFileReference section */
		83B2798A2CAA873C0029CC6B /* FirebaseIntro.app */ = {isa = PBXFileReference; explicitFileType = wrapper.application; includeInIndex = 0; path = FirebaseIntro.app; sourceTree = BUILT_PRODUCTS_DIR; };
		83B2799A2CAA873E0029CC6B /* FirebaseIntroTests.xctest */ = {isa = PBXFileReference; explicitFileType = wrapper.cfbundle; includeInIndex = 0; path = FirebaseIntroTests.xctest; sourceTree = BUILT_PRODUCTS_DIR; };
		83B279A42CAA873E0029CC6B /* FirebaseIntroUITests.xctest */ = {isa = PBXFileReference; explicitFileType = wrapper.cfbundle; includeInIndex = 0; path = FirebaseIntroUITests.xctest; sourceTree = BUILT_PRODUCTS_DIR; };
/* End PBXFileReference section */

/* Begin PBXFileSystemSynchronizedRootGroup section */
		83B2798C2CAA873C0029CC6B /* FirebaseIntro */ = {
			isa = PBXFileSystemSynchronizedRootGroup;
			path = FirebaseIntro;
			sourceTree = "<group>";
		};
		83B2799D2CAA873E0029CC6B /* FirebaseIntroTests */ = {
			isa = PBXFileSystemSynchronizedRootGroup;
			path = FirebaseIntroTests;
			sourceTree = "<group>";
		};
		83B279A72CAA873E0029CC6B /* FirebaseIntroUITests */ = {
			isa = PBXFileSystemSynchronizedRootGroup;
			path = FirebaseIntroUITests;
			sourceTree = "<group>";
		};
/* End PBXFileSystemSynchronizedRootGroup section */

/* Begin PBXFrameworksBuildPhase section */
		83B279872CAA873C0029CC6B /* Frameworks */ = {
			isa = PBXFrameworksBuildPhase;
			buildActionMask = 2147483647;
			files = (
				83B279BB2CAA8CF30029CC6B /* FirebaseAuth in Frameworks */,
				83B279C12CAA8CF30029CC6B /* FirebaseFirestoreCombine-Community in Frameworks */,
				83B279BD2CAA8CF30029CC6B /* FirebaseAuthCombine-Community in Frameworks */,
				83B279C32CAA8CF30029CC6B /* FirebaseStorage in Frameworks */,
				83B279C52CAA8CF30029CC6B /* FirebaseStorageCombine-Community in Frameworks */,
				83B279BF2CAA8CF30029CC6B /* FirebaseFirestore in Frameworks */,
			);
			runOnlyForDeploymentPostprocessing = 0;
		};
		83B279972CAA873E0029CC6B /* Frameworks */ = {
			isa = PBXFrameworksBuildPhase;
			buildActionMask = 2147483647;
			files = (
			);
			runOnlyForDeploymentPostprocessing = 0;
		};
		83B279A12CAA873E0029CC6B /* Frameworks */ = {
			isa = PBXFrameworksBuildPhase;
			buildActionMask = 2147483647;
			files = (
			);
			runOnlyForDeploymentPostprocessing = 0;
		};
/* End PBXFrameworksBuildPhase section */

/* Begin PBXGroup section */
		83B279812CAA873C0029CC6B = {
			isa = PBXGroup;
			children = (
				83B2798C2CAA873C0029CC6B /* FirebaseIntro */,
				83B2799D2CAA873E0029CC6B /* FirebaseIntroTests */,
				83B279A72CAA873E0029CC6B /* FirebaseIntroUITests */,
				83B2798B2CAA873C0029CC6B /* Products */,
			);
			sourceTree = "<group>";
		};
		83B2798B2CAA873C0029CC6B /* Products */ = {
			isa = PBXGroup;
			children = (
				83B2798A2CAA873C0029CC6B /* FirebaseIntro.app */,
				83B2799A2CAA873E0029CC6B /* FirebaseIntroTests.xctest */,
				83B279A42CAA873E0029CC6B /* FirebaseIntroUITests.xctest */,
			);
			name = Products;
			sourceTree = "<group>";
		};
/* End PBXGroup section */

/* Begin PBXNativeTarget section */
		83B279892CAA873C0029CC6B /* FirebaseIntro */ = {
			isa = PBXNativeTarget;
			buildConfigurationList = 83B279AE2CAA873E0029CC6B /* Build configuration list for PBXNativeTarget "FirebaseIntro" */;
			buildPhases = (
				83B279862CAA873C0029CC6B /* Sources */,
				83B279872CAA873C0029CC6B /* Frameworks */,
				83B279882CAA873C0029CC6B /* Resources */,
			);
			buildRules = (
			);
			dependencies = (
			);
			fileSystemSynchronizedGroups = (
				83B2798C2CAA873C0029CC6B /* FirebaseIntro */,
			);
			name = FirebaseIntro;
			packageProductDependencies = (
				83B279BA2CAA8CF30029CC6B /* FirebaseAuth */,
				83B279BC2CAA8CF30029CC6B /* FirebaseAuthCombine-Community */,
				83B279BE2CAA8CF30029CC6B /* FirebaseFirestore */,
				83B279C02CAA8CF30029CC6B /* FirebaseFirestoreCombine-Community */,
				83B279C22CAA8CF30029CC6B /* FirebaseStorage */,
				83B279C42CAA8CF30029CC6B /* FirebaseStorageCombine-Community */,
			);
			productName = FirebaseIntro;
			productReference = 83B2798A2CAA873C0029CC6B /* FirebaseIntro.app */;
			productType = "com.apple.product-type.application";
		};
		83B279992CAA873E0029CC6B /* FirebaseIntroTests */ = {
			isa = PBXNativeTarget;
			buildConfigurationList = 83B279B12CAA873E0029CC6B /* Build configuration list for PBXNativeTarget "FirebaseIntroTests" */;
			buildPhases = (
				83B279962CAA873E0029CC6B /* Sources */,
				83B279972CAA873E0029CC6B /* Frameworks */,
				83B279982CAA873E0029CC6B /* Resources */,
			);
			buildRules = (
			);
			dependencies = (
				83B2799C2CAA873E0029CC6B /* PBXTargetDependency */,
			);
			fileSystemSynchronizedGroups = (
				83B2799D2CAA873E0029CC6B /* FirebaseIntroTests */,
			);
			name = FirebaseIntroTests;
			packageProductDependencies = (
			);
			productName = FirebaseIntroTests;
			productReference = 83B2799A2CAA873E0029CC6B /* FirebaseIntroTests.xctest */;
			productType = "com.apple.product-type.bundle.unit-test";
		};
		83B279A32CAA873E0029CC6B /* FirebaseIntroUITests */ = {
			isa = PBXNativeTarget;
			buildConfigurationList = 83B279B42CAA873E0029CC6B /* Build configuration list for PBXNativeTarget "FirebaseIntroUITests" */;
			buildPhases = (
				83B279A02CAA873E0029CC6B /* Sources */,
				83B279A12CAA873E0029CC6B /* Frameworks */,
				83B279A22CAA873E0029CC6B /* Resources */,
			);
			buildRules = (
			);
			dependencies = (
				83B279A62CAA873E0029CC6B /* PBXTargetDependency */,
			);
			fileSystemSynchronizedGroups = (
				83B279A72CAA873E0029CC6B /* FirebaseIntroUITests */,
			);
			name = FirebaseIntroUITests;
			packageProductDependencies = (
			);
			productName = FirebaseIntroUITests;
			productReference = 83B279A42CAA873E0029CC6B /* FirebaseIntroUITests.xctest */;
			productType = "com.apple.product-type.bundle.ui-testing";
		};
/* End PBXNativeTarget section */

/* Begin PBXProject section */
		83B279822CAA873C0029CC6B /* Project object */ = {
			isa = PBXProject;
			attributes = {
				BuildIndependentTargetsInParallel = 1;
				LastSwiftUpdateCheck = 1600;
				LastUpgradeCheck = 1600;
				TargetAttributes = {
					83B279892CAA873C0029CC6B = {
						CreatedOnToolsVersion = 16.0;
					};
					83B279992CAA873E0029CC6B = {
						CreatedOnToolsVersion = 16.0;
						TestTargetID = 83B279892CAA873C0029CC6B;
					};
					83B279A32CAA873E0029CC6B = {
						CreatedOnToolsVersion = 16.0;
						TestTargetID = 83B279892CAA873C0029CC6B;
					};
				};
			};
			buildConfigurationList = 83B279852CAA873C0029CC6B /* Build configuration list for PBXProject "FirebaseIntro" */;
			developmentRegion = en;
			hasScannedForEncodings = 0;
			knownRegions = (
				en,
				Base,
			);
			mainGroup = 83B279812CAA873C0029CC6B;
			minimizedProjectReferenceProxies = 1;
			packageReferences = (
				83B279B92CAA8CF30029CC6B /* XCRemoteSwiftPackageReference "firebase-ios-sdk" */,
			);
			preferredProjectObjectVersion = 77;
			productRefGroup = 83B2798B2CAA873C0029CC6B /* Products */;
			projectDirPath = "";
			projectRoot = "";
			targets = (
				83B279892CAA873C0029CC6B /* FirebaseIntro */,
				83B279992CAA873E0029CC6B /* FirebaseIntroTests */,
				83B279A32CAA873E0029CC6B /* FirebaseIntroUITests */,
			);
		};
/* End PBXProject section */

/* Begin PBXResourcesBuildPhase section */
		83B279882CAA873C0029CC6B /* Resources */ = {
			isa = PBXResourcesBuildPhase;
			buildActionMask = 2147483647;
			files = (
			);
			runOnlyForDeploymentPostprocessing = 0;
		};
		83B279982CAA873E0029CC6B /* Resources */ = {
			isa = PBXResourcesBuildPhase;
			buildActionMask = 2147483647;
			files = (
			);
			runOnlyForDeploymentPostprocessing = 0;
		};
		83B279A22CAA873E0029CC6B /* Resources */ = {
			isa = PBXResourcesBuildPhase;
			buildActionMask = 2147483647;
			files = (
			);
			runOnlyForDeploymentPostprocessing = 0;
		};
/* End PBXResourcesBuildPhase section */

/* Begin PBXSourcesBuildPhase section */
		83B279862CAA873C0029CC6B /* Sources */ = {
			isa = PBXSourcesBuildPhase;
			buildActionMask = 2147483647;
			files = (
			);
			runOnlyForDeploymentPostprocessing = 0;
		};
		83B279962CAA873E0029CC6B /* Sources */ = {
			isa = PBXSourcesBuildPhase;
			buildActionMask = 2147483647;
			files = (
			);
			runOnlyForDeploymentPostprocessing = 0;
		};
		83B279A02CAA873E0029CC6B /* Sources */ = {
			isa = PBXSourcesBuildPhase;
			buildActionMask = 2147483647;
			files = (
			);
			runOnlyForDeploymentPostprocessing = 0;
		};
/* End PBXSourcesBuildPhase section */

/* Begin PBXTargetDependency section */
		83B2799C2CAA873E0029CC6B /* PBXTargetDependency */ = {
			isa = PBXTargetDependency;
			target = 83B279892CAA873C0029CC6B /* FirebaseIntro */;
			targetProxy = 83B2799B2CAA873E0029CC6B /* PBXContainerItemProxy */;
		};
		83B279A62CAA873E0029CC6B /* PBXTargetDependency */ = {
			isa = PBXTargetDependency;
			target = 83B279892CAA873C0029CC6B /* FirebaseIntro */;
			targetProxy = 83B279A52CAA873E0029CC6B /* PBXContainerItemProxy */;
		};
/* End PBXTargetDependency section */

/* Begin XCBuildConfiguration section */
		83B279AC2CAA873E0029CC6B /* Debug */ = {
			isa = XCBuildConfiguration;
			buildSettings = {
				ALWAYS_SEARCH_USER_PATHS = NO;
				ASSETCATALOG_COMPILER_GENERATE_SWIFT_ASSET_SYMBOL_EXTENSIONS = YES;
				CLANG_ANALYZER_NONNULL = YES;
				CLANG_ANALYZER_NUMBER_OBJECT_CONVERSION = YES_AGGRESSIVE;
				CLANG_CXX_LANGUAGE_STANDARD = "gnu++20";
				CLANG_ENABLE_MODULES = YES;
				CLANG_ENABLE_OBJC_ARC = YES;
				CLANG_ENABLE_OBJC_WEAK = YES;
				CLANG_WARN_BLOCK_CAPTURE_AUTORELEASING = YES;
				CLANG_WARN_BOOL_CONVERSION = YES;
				CLANG_WARN_COMMA = YES;
				CLANG_WARN_CONSTANT_CONVERSION = YES;
				CLANG_WARN_DEPRECATED_OBJC_IMPLEMENTATIONS = YES;
				CLANG_WARN_DIRECT_OBJC_ISA_USAGE = YES_ERROR;
				CLANG_WARN_DOCUMENTATION_COMMENTS = YES;
				CLANG_WARN_EMPTY_BODY = YES;
				CLANG_WARN_ENUM_CONVERSION = YES;
				CLANG_WARN_INFINITE_RECURSION = YES;
				CLANG_WARN_INT_CONVERSION = YES;
				CLANG_WARN_NON_LITERAL_NULL_CONVERSION = YES;
				CLANG_WARN_OBJC_IMPLICIT_RETAIN_SELF = YES;
				CLANG_WARN_OBJC_LITERAL_CONVERSION = YES;
				CLANG_WARN_OBJC_ROOT_CLASS = YES_ERROR;
				CLANG_WARN_QUOTED_INCLUDE_IN_FRAMEWORK_HEADER = YES;
				CLANG_WARN_RANGE_LOOP_ANALYSIS = YES;
				CLANG_WARN_STRICT_PROTOTYPES = YES;
				CLANG_WARN_SUSPICIOUS_MOVE = YES;
				CLANG_WARN_UNGUARDED_AVAILABILITY = YES_AGGRESSIVE;
				CLANG_WARN_UNREACHABLE_CODE = YES;
				CLANG_WARN__DUPLICATE_METHOD_MATCH = YES;
				COPY_PHASE_STRIP = NO;
				DEBUG_INFORMATION_FORMAT = dwarf;
				ENABLE_STRICT_OBJC_MSGSEND = YES;
				ENABLE_TESTABILITY = YES;
				ENABLE_USER_SCRIPT_SANDBOXING = YES;
				GCC_C_LANGUAGE_STANDARD = gnu17;
				GCC_DYNAMIC_NO_PIC = NO;
				GCC_NO_COMMON_BLOCKS = YES;
				GCC_OPTIMIZATION_LEVEL = 0;
				GCC_PREPROCESSOR_DEFINITIONS = (
					"DEBUG=1",
					"$(inherited)",
				);
				GCC_WARN_64_TO_32_BIT_CONVERSION = YES;
				GCC_WARN_ABOUT_RETURN_TYPE = YES_ERROR;
				GCC_WARN_UNDECLARED_SELECTOR = YES;
				GCC_WARN_UNINITIALIZED_AUTOS = YES_AGGRESSIVE;
				GCC_WARN_UNUSED_FUNCTION = YES;
				GCC_WARN_UNUSED_VARIABLE = YES;
				IPHONEOS_DEPLOYMENT_TARGET = 18.0;
				LOCALIZATION_PREFERS_STRING_CATALOGS = YES;
				MTL_ENABLE_DEBUG_INFO = INCLUDE_SOURCE;
				MTL_FAST_MATH = YES;
				ONLY_ACTIVE_ARCH = YES;
				SDKROOT = iphoneos;
				SWIFT_ACTIVE_COMPILATION_CONDITIONS = "DEBUG $(inherited)";
				SWIFT_OPTIMIZATION_LEVEL = "-Onone";
			};
			name = Debug;
		};
		83B279AD2CAA873E0029CC6B /* Release */ = {
			isa = XCBuildConfiguration;
			buildSettings = {
				ALWAYS_SEARCH_USER_PATHS = NO;
				ASSETCATALOG_COMPILER_GENERATE_SWIFT_ASSET_SYMBOL_EXTENSIONS = YES;
				CLANG_ANALYZER_NONNULL = YES;
				CLANG_ANALYZER_NUMBER_OBJECT_CONVERSION = YES_AGGRESSIVE;
				CLANG_CXX_LANGUAGE_STANDARD = "gnu++20";
				CLANG_ENABLE_MODULES = YES;
				CLANG_ENABLE_OBJC_ARC = YES;
				CLANG_ENABLE_OBJC_WEAK = YES;
				CLANG_WARN_BLOCK_CAPTURE_AUTORELEASING = YES;
				CLANG_WARN_BOOL_CONVERSION = YES;
				CLANG_WARN_COMMA = YES;
				CLANG_WARN_CONSTANT_CONVERSION = YES;
				CLANG_WARN_DEPRECATED_OBJC_IMPLEMENTATIONS = YES;
				CLANG_WARN_DIRECT_OBJC_ISA_USAGE = YES_ERROR;
				CLANG_WARN_DOCUMENTATION_COMMENTS = YES;
				CLANG_WARN_EMPTY_BODY = YES;
				CLANG_WARN_ENUM_CONVERSION = YES;
				CLANG_WARN_INFINITE_RECURSION = YES;
				CLANG_WARN_INT_CONVERSION = YES;
				CLANG_WARN_NON_LITERAL_NULL_CONVERSION = YES;
				CLANG_WARN_OBJC_IMPLICIT_RETAIN_SELF = YES;
				CLANG_WARN_OBJC_LITERAL_CONVERSION = YES;
				CLANG_WARN_OBJC_ROOT_CLASS = YES_ERROR;
				CLANG_WARN_QUOTED_INCLUDE_IN_FRAMEWORK_HEADER = YES;
				CLANG_WARN_RANGE_LOOP_ANALYSIS = YES;
				CLANG_WARN_STRICT_PROTOTYPES = YES;
				CLANG_WARN_SUSPICIOUS_MOVE = YES;
				CLANG_WARN_UNGUARDED_AVAILABILITY = YES_AGGRESSIVE;
				CLANG_WARN_UNREACHABLE_CODE = YES;
				CLANG_WARN__DUPLICATE_METHOD_MATCH = YES;
				COPY_PHASE_STRIP = NO;
				DEBUG_INFORMATION_FORMAT = "dwarf-with-dsym";
				ENABLE_NS_ASSERTIONS = NO;
				ENABLE_STRICT_OBJC_MSGSEND = YES;
				ENABLE_USER_SCRIPT_SANDBOXING = YES;
				GCC_C_LANGUAGE_STANDARD = gnu17;
				GCC_NO_COMMON_BLOCKS = YES;
				GCC_WARN_64_TO_32_BIT_CONVERSION = YES;
				GCC_WARN_ABOUT_RETURN_TYPE = YES_ERROR;
				GCC_WARN_UNDECLARED_SELECTOR = YES;
				GCC_WARN_UNINITIALIZED_AUTOS = YES_AGGRESSIVE;
				GCC_WARN_UNUSED_FUNCTION = YES;
				GCC_WARN_UNUSED_VARIABLE = YES;
				IPHONEOS_DEPLOYMENT_TARGET = 18.0;
				LOCALIZATION_PREFERS_STRING_CATALOGS = YES;
				MTL_ENABLE_DEBUG_INFO = NO;
				MTL_FAST_MATH = YES;
				SDKROOT = iphoneos;
				SWIFT_COMPILATION_MODE = wholemodule;
				VALIDATE_PRODUCT = YES;
			};
			name = Release;
		};
		83B279AF2CAA873E0029CC6B /* Debug */ = {
			isa = XCBuildConfiguration;
			buildSettings = {
				ASSETCATALOG_COMPILER_APPICON_NAME = AppIcon;
				ASSETCATALOG_COMPILER_GLOBAL_ACCENT_COLOR_NAME = AccentColor;
				CODE_SIGN_STYLE = Automatic;
				CURRENT_PROJECT_VERSION = 1;
				DEVELOPMENT_ASSET_PATHS = "\"FirebaseIntro/Preview Content\"";
				DEVELOPMENT_TEAM = 5W3PB5U73D;
				ENABLE_PREVIEWS = YES;
				GENERATE_INFOPLIST_FILE = YES;
				INFOPLIST_KEY_UIApplicationSceneManifest_Generation = YES;
				INFOPLIST_KEY_UIApplicationSupportsIndirectInputEvents = YES;
				INFOPLIST_KEY_UILaunchScreen_Generation = YES;
				INFOPLIST_KEY_UISupportedInterfaceOrientations_iPad = "UIInterfaceOrientationPortrait UIInterfaceOrientationPortraitUpsideDown UIInterfaceOrientationLandscapeLeft UIInterfaceOrientationLandscapeRight";
				INFOPLIST_KEY_UISupportedInterfaceOrientations_iPhone = "UIInterfaceOrientationPortrait UIInterfaceOrientationLandscapeLeft UIInterfaceOrientationLandscapeRight";
				LD_RUNPATH_SEARCH_PATHS = (
					"$(inherited)",
					"@executable_path/Frameworks",
				);
				MARKETING_VERSION = 1.0;
				PRODUCT_BUNDLE_IDENTIFIER = com.clemond.FirebaseIntro;
				PRODUCT_NAME = "$(TARGET_NAME)";
				SWIFT_EMIT_LOC_STRINGS = YES;
				SWIFT_VERSION = 5.0;
				TARGETED_DEVICE_FAMILY = "1,2";
			};
			name = Debug;
		};
		83B279B02CAA873E0029CC6B /* Release */ = {
			isa = XCBuildConfiguration;
			buildSettings = {
				ASSETCATALOG_COMPILER_APPICON_NAME = AppIcon;
				ASSETCATALOG_COMPILER_GLOBAL_ACCENT_COLOR_NAME = AccentColor;
				CODE_SIGN_STYLE = Automatic;
				CURRENT_PROJECT_VERSION = 1;
				DEVELOPMENT_ASSET_PATHS = "\"FirebaseIntro/Preview Content\"";
				DEVELOPMENT_TEAM = 5W3PB5U73D;
				ENABLE_PREVIEWS = YES;
				GENERATE_INFOPLIST_FILE = YES;
				INFOPLIST_KEY_UIApplicationSceneManifest_Generation = YES;
				INFOPLIST_KEY_UIApplicationSupportsIndirectInputEvents = YES;
				INFOPLIST_KEY_UILaunchScreen_Generation = YES;
				INFOPLIST_KEY_UISupportedInterfaceOrientations_iPad = "UIInterfaceOrientationPortrait UIInterfaceOrientationPortraitUpsideDown UIInterfaceOrientationLandscapeLeft UIInterfaceOrientationLandscapeRight";
				INFOPLIST_KEY_UISupportedInterfaceOrientations_iPhone = "UIInterfaceOrientationPortrait UIInterfaceOrientationLandscapeLeft UIInterfaceOrientationLandscapeRight";
				LD_RUNPATH_SEARCH_PATHS = (
					"$(inherited)",
					"@executable_path/Frameworks",
				);
				MARKETING_VERSION = 1.0;
				PRODUCT_BUNDLE_IDENTIFIER = com.clemond.FirebaseIntro;
				PRODUCT_NAME = "$(TARGET_NAME)";
				SWIFT_EMIT_LOC_STRINGS = YES;
				SWIFT_VERSION = 5.0;
				TARGETED_DEVICE_FAMILY = "1,2";
			};
			name = Release;
		};
		83B279B22CAA873E0029CC6B /* Debug */ = {
			isa = XCBuildConfiguration;
			buildSettings = {
				BUNDLE_LOADER = "$(TEST_HOST)";
				CODE_SIGN_STYLE = Automatic;
				CURRENT_PROJECT_VERSION = 1;
				DEVELOPMENT_TEAM = 5W3PB5U73D;
				GENERATE_INFOPLIST_FILE = YES;
				IPHONEOS_DEPLOYMENT_TARGET = 18.0;
				MARKETING_VERSION = 1.0;
				PRODUCT_BUNDLE_IDENTIFIER = com.clemond.FirebaseIntroTests;
				PRODUCT_NAME = "$(TARGET_NAME)";
				SWIFT_EMIT_LOC_STRINGS = NO;
				SWIFT_VERSION = 5.0;
				TARGETED_DEVICE_FAMILY = "1,2";
				TEST_HOST = "$(BUILT_PRODUCTS_DIR)/FirebaseIntro.app/$(BUNDLE_EXECUTABLE_FOLDER_PATH)/FirebaseIntro";
			};
			name = Debug;
		};
		83B279B32CAA873E0029CC6B /* Release */ = {
			isa = XCBuildConfiguration;
			buildSettings = {
				BUNDLE_LOADER = "$(TEST_HOST)";
				CODE_SIGN_STYLE = Automatic;
				CURRENT_PROJECT_VERSION = 1;
				DEVELOPMENT_TEAM = 5W3PB5U73D;
				GENERATE_INFOPLIST_FILE = YES;
				IPHONEOS_DEPLOYMENT_TARGET = 18.0;
				MARKETING_VERSION = 1.0;
				PRODUCT_BUNDLE_IDENTIFIER = com.clemond.FirebaseIntroTests;
				PRODUCT_NAME = "$(TARGET_NAME)";
				SWIFT_EMIT_LOC_STRINGS = NO;
				SWIFT_VERSION = 5.0;
				TARGETED_DEVICE_FAMILY = "1,2";
				TEST_HOST = "$(BUILT_PRODUCTS_DIR)/FirebaseIntro.app/$(BUNDLE_EXECUTABLE_FOLDER_PATH)/FirebaseIntro";
			};
			name = Release;
		};
		83B279B52CAA873E0029CC6B /* Debug */ = {
			isa = XCBuildConfiguration;
			buildSettings = {
				CODE_SIGN_STYLE = Automatic;
				CURRENT_PROJECT_VERSION = 1;
				DEVELOPMENT_TEAM = 5W3PB5U73D;
				GENERATE_INFOPLIST_FILE = YES;
				MARKETING_VERSION = 1.0;
				PRODUCT_BUNDLE_IDENTIFIER = com.clemond.FirebaseIntroUITests;
				PRODUCT_NAME = "$(TARGET_NAME)";
				SWIFT_EMIT_LOC_STRINGS = NO;
				SWIFT_VERSION = 5.0;
				TARGETED_DEVICE_FAMILY = "1,2";
				TEST_TARGET_NAME = FirebaseIntro;
			};
			name = Debug;
		};
		83B279B62CAA873E0029CC6B /* Release */ = {
			isa = XCBuildConfiguration;
			buildSettings = {
				CODE_SIGN_STYLE = Automatic;
				CURRENT_PROJECT_VERSION = 1;
				DEVELOPMENT_TEAM = 5W3PB5U73D;
				GENERATE_INFOPLIST_FILE = YES;
				MARKETING_VERSION = 1.0;
				PRODUCT_BUNDLE_IDENTIFIER = com.clemond.FirebaseIntroUITests;
				PRODUCT_NAME = "$(TARGET_NAME)";
				SWIFT_EMIT_LOC_STRINGS = NO;
				SWIFT_VERSION = 5.0;
				TARGETED_DEVICE_FAMILY = "1,2";
				TEST_TARGET_NAME = FirebaseIntro;
			};
			name = Release;
		};
/* End XCBuildConfiguration section */

/* Begin XCConfigurationList section */
		83B279852CAA873C0029CC6B /* Build configuration list for PBXProject "FirebaseIntro" */ = {
			isa = XCConfigurationList;
			buildConfigurations = (
				83B279AC2CAA873E0029CC6B /* Debug */,
				83B279AD2CAA873E0029CC6B /* Release */,
			);
			defaultConfigurationIsVisible = 0;
			defaultConfigurationName = Release;
		};
		83B279AE2CAA873E0029CC6B /* Build configuration list for PBXNativeTarget "FirebaseIntro" */ = {
			isa = XCConfigurationList;
			buildConfigurations = (
				83B279AF2CAA873E0029CC6B /* Debug */,
				83B279B02CAA873E0029CC6B /* Release */,
			);
			defaultConfigurationIsVisible = 0;
			defaultConfigurationName = Release;
		};
		83B279B12CAA873E0029CC6B /* Build configuration list for PBXNativeTarget "FirebaseIntroTests" */ = {
			isa = XCConfigurationList;
			buildConfigurations = (
				83B279B22CAA873E0029CC6B /* Debug */,
				83B279B32CAA873E0029CC6B /* Release */,
			);
			defaultConfigurationIsVisible = 0;
			defaultConfigurationName = Release;
		};
		83B279B42CAA873E0029CC6B /* Build configuration list for PBXNativeTarget "FirebaseIntroUITests" */ = {
			isa = XCConfigurationList;
			buildConfigurations = (
				83B279B52CAA873E0029CC6B /* Debug */,
				83B279B62CAA873E0029CC6B /* Release */,
			);
			defaultConfigurationIsVisible = 0;
			defaultConfigurationName = Release;
		};
/* End XCConfigurationList section */

/* Begin XCRemoteSwiftPackageReference section */
		83B279B92CAA8CF30029CC6B /* XCRemoteSwiftPackageReference "firebase-ios-sdk" */ = {
			isa = XCRemoteSwiftPackageReference;
			repositoryURL = "https://github.com/firebase/firebase-ios-sdk";
			requirement = {
				kind = upToNextMajorVersion;
				minimumVersion = 11.2.0;
			};
		};
/* End XCRemoteSwiftPackageReference section */

/* Begin XCSwiftPackageProductDependency section */
		83B279BA2CAA8CF30029CC6B /* FirebaseAuth */ = {
			isa = XCSwiftPackageProductDependency;
			package = 83B279B92CAA8CF30029CC6B /* XCRemoteSwiftPackageReference "firebase-ios-sdk" */;
			productName = FirebaseAuth;
		};
		83B279BC2CAA8CF30029CC6B /* FirebaseAuthCombine-Community */ = {
			isa = XCSwiftPackageProductDependency;
			package = 83B279B92CAA8CF30029CC6B /* XCRemoteSwiftPackageReference "firebase-ios-sdk" */;
			productName = "FirebaseAuthCombine-Community";
		};
		83B279BE2CAA8CF30029CC6B /* FirebaseFirestore */ = {
			isa = XCSwiftPackageProductDependency;
			package = 83B279B92CAA8CF30029CC6B /* XCRemoteSwiftPackageReference "firebase-ios-sdk" */;
			productName = FirebaseFirestore;
		};
		83B279C02CAA8CF30029CC6B /* FirebaseFirestoreCombine-Community */ = {
			isa = XCSwiftPackageProductDependency;
			package = 83B279B92CAA8CF30029CC6B /* XCRemoteSwiftPackageReference "firebase-ios-sdk" */;
			productName = "FirebaseFirestoreCombine-Community";
		};
		83B279C22CAA8CF30029CC6B /* FirebaseStorage */ = {
			isa = XCSwiftPackageProductDependency;
			package = 83B279B92CAA8CF30029CC6B /* XCRemoteSwiftPackageReference "firebase-ios-sdk" */;
			productName = FirebaseStorage;
		};
		83B279C42CAA8CF30029CC6B /* FirebaseStorageCombine-Community */ = {
			isa = XCSwiftPackageProductDependency;
			package = 83B279B92CAA8CF30029CC6B /* XCRemoteSwiftPackageReference "firebase-ios-sdk" */;
			productName = "FirebaseStorageCombine-Community";
		};
/* End XCSwiftPackageProductDependency section */
	};
	rootObject = 83B279822CAA873C0029CC6B /* Project object */;
}
